
Microsoft Visual Studio Solution File, Format Version 12.00
# Visual Studio 15
VisualStudioVersion = 15.0.28010.2026
MinimumVisualStudioVersion = 10.0.40219.1
Project("{FAE04EC0-301F-11D3-BF4B-00C04F79EFBC}") = "Fanart", "Fanart\Fanart.csproj", "{D6DAA6CA-8203-4B11-BFB8-FD8E831CC606}"
EndProject
Global
	GlobalSection(SolutionConfigurationPlatforms) = preSolution
		Debug|Any CPU = Debug|Any CPU
		Release|Any CPU = Release|Any CPU
	EndGlobalSection
	GlobalSection(ProjectConfigurationPlatforms) = postSolution
		{D6DAA6CA-8203-4B11-BFB8-FD8E831CC606}.Debug|Any CPU.ActiveCfg = Debug|Any CPU
		{D6DAA6CA-8203-4B11-BFB8-FD8E831CC606}.Debug|Any CPU.Build.0 = Debug|Any CPU
		{D6DAA6CA-8203-4B11-BFB8-FD8E831CC606}.Release|Any CPU.ActiveCfg = Release|Any CPU
		{D6DAA6CA-8203-4B11-BFB8-FD8E831CC606}.Release|Any CPU.Build.0 = Release|Any CPU
	EndGlobalSection
	GlobalSection(SolutionProperties) = preSolution
		HideSolutionNode = FALSE
	EndGlobalSection
	GlobalSection(ExtensibilityGlobals) = postSolution
		SolutionGuid = {E69B0B28-CBD0-41F3-9E88-12438F2881F2}
	EndGlobalSection
EndGlobal
